
Microsoft Visual Studio Solution File, Format Version 12.00
# Visual Studio Version 17
VisualStudioVersion = 17.3.32804.467
MinimumVisualStudioVersion = 10.0.40219.1
Project("{FAE04EC0-301F-11D3-BF4B-00C04F79EFBC}") = "REGEX_UserRegistration", "REGEX_UserRegistration\REGEX_UserRegistration.csproj", "{AE567BAF-2B8A-4482-91B9-EFFFB0D175A8}"
EndProject
Global
	GlobalSection(SolutionConfigurationPlatforms) = preSolution
		Debug|Any CPU = Debug|Any CPU
		Release|Any CPU = Release|Any CPU
	EndGlobalSection
	GlobalSection(ProjectConfigurationPlatforms) = postSolution
		{AE567BAF-2B8A-4482-91B9-EFFFB0D175A8}.Debug|Any CPU.ActiveCfg = Debug|Any CPU
		{AE567BAF-2B8A-4482-91B9-EFFFB0D175A8}.Debug|Any CPU.Build.0 = Debug|Any CPU
		{AE567BAF-2B8A-4482-91B9-EFFFB0D175A8}.Release|Any CPU.ActiveCfg = Release|Any CPU
		{AE567BAF-2B8A-4482-91B9-EFFFB0D175A8}.Release|Any CPU.Build.0 = Release|Any CPU
	EndGlobalSection
	GlobalSection(SolutionProperties) = preSolution
		HideSolutionNode = FALSE
	EndGlobalSection
	GlobalSection(ExtensibilityGlobals) = postSolution
		SolutionGuid = {627DEB8B-72A5-4D1D-A236-FD2BEA4BC098}
	EndGlobalSection
EndGlobal
